// !$*UTF8*$!
{
	archiveVersion = 1;
	classes = {
	};
	objectVersion = 51;
	objects = {

/* Begin PBXBuildFile section */
		1C2230D424F5919D00DE5833 /* GoogleService-Info.plist in Resources */ = {isa = PBXBuildFile; fileRef = 1C2230D324F5919D00DE5833 /* GoogleService-Info.plist */; };
		1C82478C24F39DCD00F854F8 /* AppDelegate.swift in Sources */ = {isa = PBXBuildFile; fileRef = 1C82478B24F39DCD00F854F8 /* AppDelegate.swift */; };
		1C82478E24F39DCE00F854F8 /* SceneDelegate.swift in Sources */ = {isa = PBXBuildFile; fileRef = 1C82478D24F39DCE00F854F8 /* SceneDelegate.swift */; };
		1C82479024F39DCE00F854F8 /* ViewController.swift in Sources */ = {isa = PBXBuildFile; fileRef = 1C82478F24F39DCE00F854F8 /* ViewController.swift */; };
		1C82479324F39DCE00F854F8 /* Main.storyboard in Resources */ = {isa = PBXBuildFile; fileRef = 1C82479124F39DCE00F854F8 /* Main.storyboard */; };
		1C82479524F39E5C00F854F8 /* Assets.xcassets in Resources */ = {isa = PBXBuildFile; fileRef = 1C82479424F39E5C00F854F8 /* Assets.xcassets */; };
		1C82479824F39E5C00F854F8 /* LaunchScreen.storyboard in Resources */ = {isa = PBXBuildFile; fileRef = 1C82479624F39E5C00F854F8 /* LaunchScreen.storyboard */; };
		969A529C8554E41BEC7DC320 /* Pods_FirebasePushNotification.framework in Frameworks */ = {isa = PBXBuildFile; fileRef = 08693861738DF1A4DCBF8375 /* Pods_FirebasePushNotification.framework */; };
/* End PBXBuildFile section */

/* Begin PBXFileReference section */
		08693861738DF1A4DCBF8375 /* Pods_FirebasePushNotification.framework */ = {isa = PBXFileReference; explicitFileType = wrapper.framework; includeInIndex = 0; path = Pods_FirebasePushNotification.framework; sourceTree = BUILT_PRODUCTS_DIR; };
		1C2230D324F5919D00DE5833 /* GoogleService-Info.plist */ = {isa = PBXFileReference; fileEncoding = 4; lastKnownFileType = text.plist.xml; path = "GoogleService-Info.plist"; sourceTree = "<group>"; };
		1C2230D524F592D900DE5833 /* FirebasePushNotification.entitlements */ = {isa = PBXFileReference; lastKnownFileType = text.plist.entitlements; path = FirebasePushNotification.entitlements; sourceTree = "<group>"; };
		1C82478824F39DCD00F854F8 /* FirebasePushNotification.app */ = {isa = PBXFileReference; explicitFileType = wrapper.application; includeInIndex = 0; path = FirebasePushNotification.app; sourceTree = BUILT_PRODUCTS_DIR; };
		1C82478B24F39DCD00F854F8 /* AppDelegate.swift */ = {isa = PBXFileReference; lastKnownFileType = sourcecode.swift; path = AppDelegate.swift; sourceTree = "<group>"; };
		1C82478D24F39DCE00F854F8 /* SceneDelegate.swift */ = {isa = PBXFileReference; lastKnownFileType = sourcecode.swift; path = SceneDelegate.swift; sourceTree = "<group>"; };
		1C82478F24F39DCE00F854F8 /* ViewController.swift */ = {isa = PBXFileReference; lastKnownFileType = sourcecode.swift; path = ViewController.swift; sourceTree = "<group>"; };
		1C82479224F39DCE00F854F8 /* Base */ = {isa = PBXFileReference; lastKnownFileType = file.storyboard; name = Base; path = Base.lproj/Main.storyboard; sourceTree = "<group>"; };
		1C82479424F39E5C00F854F8 /* Assets.xcassets */ = {isa = PBXFileReference; lastKnownFileType = folder.assetcatalog; path = Assets.xcassets; sourceTree = "<group>"; };
		1C82479724F39E5C00F854F8 /* Base */ = {isa = PBXFileReference; lastKnownFileType = file.storyboard; name = Base; path = Base.lproj/LaunchScreen.storyboard; sourceTree = "<group>"; };
		1C82479924F39E5C00F854F8 /* Info.plist */ = {isa = PBXFileReference; lastKnownFileType = text.plist.xml; path = Info.plist; sourceTree = "<group>"; };
		84092CB42FA91E1EDD4E08D9 /* Pods-FirebasePushNotification.release.xcconfig */ = {isa = PBXFileReference; includeInIndex = 1; lastKnownFileType = text.xcconfig; name = "Pods-FirebasePushNotification.release.xcconfig"; path = "Target Support Files/Pods-FirebasePushNotification/Pods-FirebasePushNotification.release.xcconfig"; sourceTree = "<group>"; };
		D2DFD58051E242A2A99FADF4 /* Pods-FirebasePushNotification.debug.xcconfig */ = {isa = PBXFileReference; includeInIndex = 1; lastKnownFileType = text.xcconfig; name = "Pods-FirebasePushNotification.debug.xcconfig"; path = "Target Support Files/Pods-FirebasePushNotification/Pods-FirebasePushNotification.debug.xcconfig"; sourceTree = "<group>"; };
/* End PBXFileReference section */

/* Begin PBXFrameworksBuildPhase section */
		1C82478524F39DCD00F854F8 /* Frameworks */ = {
			isa = PBXFrameworksBuildPhase;
			buildActionMask = 2147483647;
			files = (
				969A529C8554E41BEC7DC320 /* Pods_FirebasePushNotification.framework in Frameworks */,
			);
			runOnlyForDeploymentPostprocessing = 0;
		};
/* End PBXFrameworksBuildPhase section */

/* Begin PBXGroup section */
		1C82477F24F39DCC00F854F8 = {
			isa = PBXGroup;
			children = (
				1C82478A24F39DCD00F854F8 /* FirebasePushNotification */,
				1C82478924F39DCD00F854F8 /* Products */,
				F84CDDA15E8B2AE4B20A1534 /* Pods */,
				A039B4B47D7740022AB4ECB9 /* Frameworks */,
			);
			sourceTree = "<group>";
		};
		1C82478924F39DCD00F854F8 /* Products */ = {
			isa = PBXGroup;
			children = (
				1C82478824F39DCD00F854F8 /* FirebasePushNotification.app */,
			);
			name = Products;
			sourceTree = "<group>";
		};
		1C82478A24F39DCD00F854F8 /* FirebasePushNotification */ = {
			isa = PBXGroup;
			children = (
				1C2230D524F592D900DE5833 /* FirebasePushNotification.entitlements */,
				1C82478B24F39DCD00F854F8 /* AppDelegate.swift */,
				1C82478D24F39DCE00F854F8 /* SceneDelegate.swift */,
				1C82478F24F39DCE00F854F8 /* ViewController.swift */,
				1C82479124F39DCE00F854F8 /* Main.storyboard */,
				1C82479424F39E5C00F854F8 /* Assets.xcassets */,
				1C82479624F39E5C00F854F8 /* LaunchScreen.storyboard */,
				1C2230D324F5919D00DE5833 /* GoogleService-Info.plist */,
				1C82479924F39E5C00F854F8 /* Info.plist */,
			);
			path = FirebasePushNotification;
			sourceTree = "<group>";
		};
		A039B4B47D7740022AB4ECB9 /* Frameworks */ = {
			isa = PBXGroup;
			children = (
				08693861738DF1A4DCBF8375 /* Pods_FirebasePushNotification.framework */,
			);
			name = Frameworks;
			sourceTree = "<group>";
		};
		F84CDDA15E8B2AE4B20A1534 /* Pods */ = {
			isa = PBXGroup;
			children = (
				D2DFD58051E242A2A99FADF4 /* Pods-FirebasePushNotification.debug.xcconfig */,
				84092CB42FA91E1EDD4E08D9 /* Pods-FirebasePushNotification.release.xcconfig */,
			);
			path = Pods;
			sourceTree = "<group>";
		};
/* End PBXGroup section */

/* Begin PBXNativeTarget section */
		1C82478724F39DCD00F854F8 /* FirebasePushNotification */ = {
			isa = PBXNativeTarget;
			buildConfigurationList = 1C82479C24F39E5C00F854F8 /* Build configuration list for PBXNativeTarget "FirebasePushNotification" */;
			buildPhases = (
				E9A3ACDE154084D7B4517320 /* [CP] Check Pods Manifest.lock */,
				1C82478424F39DCD00F854F8 /* Sources */,
				1C82478524F39DCD00F854F8 /* Frameworks */,
				1C82478624F39DCD00F854F8 /* Resources */,
				269864D14346A606AF81AA50 /* [CP] Embed Pods Frameworks */,
			);
			buildRules = (
			);
			dependencies = (
			);
			name = FirebasePushNotification;
			productName = FirebasePushNotification;
			productReference = 1C82478824F39DCD00F854F8 /* FirebasePushNotification.app */;
			productType = "com.apple.product-type.application";
		};
/* End PBXNativeTarget section */

/* Begin PBXProject section */
		1C82478024F39DCC00F854F8 /* Project object */ = {
			isa = PBXProject;
			attributes = {
				LastSwiftUpdateCheck = 1160;
				LastUpgradeCheck = 1160;
				ORGANIZATIONNAME = Synechron;
				TargetAttributes = {
					1C82478724F39DCD00F854F8 = {
						CreatedOnToolsVersion = 11.6;
					};
				};
			};
			buildConfigurationList = 1C82478324F39DCC00F854F8 /* Build configuration list for PBXProject "FirebasePushNotification" */;
			compatibilityVersion = "Xcode 9.3";
			developmentRegion = en;
			hasScannedForEncodings = 0;
			knownRegions = (
				en,
				Base,
			);
			mainGroup = 1C82477F24F39DCC00F854F8;
			productRefGroup = 1C82478924F39DCD00F854F8 /* Products */;
			projectDirPath = "";
			projectRoot = "";
			targets = (
				1C82478724F39DCD00F854F8 /* FirebasePushNotification */,
			);
		};
/* End PBXProject section */

/* Begin PBXResourcesBuildPhase section */
		1C82478624F39DCD00F854F8 /* Resources */ = {
			isa = PBXResourcesBuildPhase;
			buildActionMask = 2147483647;
			files = (
				1C82479824F39E5C00F854F8 /* LaunchScreen.storyboard in Resources */,
				1C2230D424F5919D00DE5833 /* GoogleService-Info.plist in Resources */,
				1C82479524F39E5C00F854F8 /* Assets.xcassets in Resources */,
				1C82479324F39DCE00F854F8 /* Main.storyboard in Resources */,
			);
			runOnlyForDeploymentPostprocessing = 0;
		};
/* End PBXResourcesBuildPhase section */

/* Begin PBXShellScriptBuildPhase section */
		269864D14346A606AF81AA50 /* [CP] Embed Pods Frameworks */ = {
			isa = PBXShellScriptBuildPhase;
			buildActionMask = 2147483647;
			files = (
			);
			inputFileListPaths = (
				"${PODS_ROOT}/Target Support Files/Pods-FirebasePushNotification/Pods-FirebasePushNotification-frameworks-${CONFIGURATION}-input-files.xcfilelist",
			);
			name = "[CP] Embed Pods Frameworks";
			outputFileListPaths = (
				"${PODS_ROOT}/Target Support Files/Pods-FirebasePushNotification/Pods-FirebasePushNotification-frameworks-${CONFIGURATION}-output-files.xcfilelist",
			);
			runOnlyForDeploymentPostprocessing = 0;
			shellPath = /bin/sh;
			shellScript = "\"${PODS_ROOT}/Target Support Files/Pods-FirebasePushNotification/Pods-FirebasePushNotification-frameworks.sh\"\n";
			showEnvVarsInLog = 0;
		};
		E9A3ACDE154084D7B4517320 /* [CP] Check Pods Manifest.lock */ = {
			isa = PBXShellScriptBuildPhase;
			buildActionMask = 2147483647;
			files = (
			);
			inputFileListPaths = (
			);
			inputPaths = (
				"${PODS_PODFILE_DIR_PATH}/Podfile.lock",
				"${PODS_ROOT}/Manifest.lock",
			);
			name = "[CP] Check Pods Manifest.lock";
			outputFileListPaths = (
			);
			outputPaths = (
				"$(DERIVED_FILE_DIR)/Pods-FirebasePushNotification-checkManifestLockResult.txt",
			);
			runOnlyForDeploymentPostprocessing = 0;
			shellPath = /bin/sh;
			shellScript = "diff \"${PODS_PODFILE_DIR_PATH}/Podfile.lock\" \"${PODS_ROOT}/Manifest.lock\" > /dev/null\nif [ $? != 0 ] ; then\n    # print error to STDERR\n    echo \"error: The sandbox is not in sync with the Podfile.lock. Run 'pod install' or update your CocoaPods installation.\" >&2\n    exit 1\nfi\n# This output is used by Xcode 'outputs' to avoid re-running this script phase.\necho \"SUCCESS\" > \"${SCRIPT_OUTPUT_FILE_0}\"\n";
			showEnvVarsInLog = 0;
		};
/* End PBXShellScriptBuildPhase section */

/* Begin PBXSourcesBuildPhase section */
		1C82478424F39DCD00F854F8 /* Sources */ = {
			isa = PBXSourcesBuildPhase;
			buildActionMask = 2147483647;
			files = (
				1C82479024F39DCE00F854F8 /* ViewController.swift in Sources */,
				1C82478C24F39DCD00F854F8 /* AppDelegate.swift in Sources */,
				1C82478E24F39DCE00F854F8 /* SceneDelegate.swift in Sources */,
			);
			runOnlyForDeploymentPostprocessing = 0;
		};
/* End PBXSourcesBuildPhase section */

/* Begin PBXVariantGroup section */
		1C82479124F39DCE00F854F8 /* Main.storyboard */ = {
			isa = PBXVariantGroup;
			children = (
				1C82479224F39DCE00F854F8 /* Base */,
			);
			name = Main.storyboard;
			sourceTree = "<group>";
		};
		1C82479624F39E5C00F854F8 /* LaunchScreen.storyboard */ = {
			isa = PBXVariantGroup;
			children = (
				1C82479724F39E5C00F854F8 /* Base */,
			);
			name = LaunchScreen.storyboard;
			sourceTree = "<group>";
		};
/* End PBXVariantGroup section */

/* Begin XCBuildConfiguration section */
		1C82479A24F39E5C00F854F8 /* Debug */ = {
			isa = XCBuildConfiguration;
			buildSettings = {
				ALWAYS_SEARCH_USER_PATHS = NO;
				CLANG_ANALYZER_NONNULL = YES;
				CLANG_ANALYZER_NUMBER_OBJECT_CONVERSION = YES_AGGRESSIVE;
				CLANG_CXX_LANGUAGE_STANDARD = "gnu++14";
				CLANG_CXX_LIBRARY = "libc++";
				CLANG_ENABLE_MODULES = YES;
				CLANG_ENABLE_OBJC_ARC = YES;
				CLANG_ENABLE_OBJC_WEAK = YES;
				CLANG_WARN_BLOCK_CAPTURE_AUTORELEASING = YES;
				CLANG_WARN_BOOL_CONVERSION = YES;
				CLANG_WARN_COMMA = YES;
				CLANG_WARN_CONSTANT_CONVERSION = YES;
				CLANG_WARN_DEPRECATED_OBJC_IMPLEMENTATIONS = YES;
				CLANG_WARN_DIRECT_OBJC_ISA_USAGE = YES_ERROR;
				CLANG_WARN_DOCUMENTATION_COMMENTS = YES;
				CLANG_WARN_EMPTY_BODY = YES;
				CLANG_WARN_ENUM_CONVERSION = YES;
				CLANG_WARN_INFINITE_RECURSION = YES;
				CLANG_WARN_INT_CONVERSION = YES;
				CLANG_WARN_NON_LITERAL_NULL_CONVERSION = YES;
				CLANG_WARN_OBJC_IMPLICIT_RETAIN_SELF = YES;
				CLANG_WARN_OBJC_LITERAL_CONVERSION = YES;
				CLANG_WARN_OBJC_ROOT_CLASS = YES_ERROR;
				CLANG_WARN_RANGE_LOOP_ANALYSIS = YES;
				CLANG_WARN_STRICT_PROTOTYPES = YES;
				CLANG_WARN_SUSPICIOUS_MOVE = YES;
				CLANG_WARN_UNGUARDED_AVAILABILITY = YES_AGGRESSIVE;
				CLANG_WARN_UNREACHABLE_CODE = YES;
				CLANG_WARN__DUPLICATE_METHOD_MATCH = YES;
				COPY_PHASE_STRIP = NO;
				DEBUG_INFORMATION_FORMAT = dwarf;
				ENABLE_STRICT_OBJC_MSGSEND = YES;
				ENABLE_TESTABILITY = YES;
				GCC_C_LANGUAGE_STANDARD = gnu11;
				GCC_DYNAMIC_NO_PIC = NO;
				GCC_NO_COMMON_BLOCKS = YES;
				GCC_OPTIMIZATION_LEVEL = 0;
				GCC_PREPROCESSOR_DEFINITIONS = (
					"DEBUG=1",
					"$(inherited)",
				);
				GCC_WARN_64_TO_32_BIT_CONVERSION = YES;
				GCC_WARN_ABOUT_RETURN_TYPE = YES_ERROR;
				GCC_WARN_UNDECLARED_SELECTOR = YES;
				GCC_WARN_UNINITIALIZED_AUTOS = YES_AGGRESSIVE;
				GCC_WARN_UNUSED_FUNCTION = YES;
				GCC_WARN_UNUSED_VARIABLE = YES;
				IPHONEOS_DEPLOYMENT_TARGET = 13.6;
				MTL_ENABLE_DEBUG_INFO = INCLUDE_SOURCE;
				MTL_FAST_MATH = YES;
				ONLY_ACTIVE_ARCH = YES;
				SDKROOT = iphoneos;
				SWIFT_ACTIVE_COMPILATION_CONDITIONS = DEBUG;
				SWIFT_OPTIMIZATION_LEVEL = "-Onone";
			};
			name = Debug;
		};
		1C82479B24F39E5C00F854F8 /* Release */ = {
			isa = XCBuildConfiguration;
			buildSettings = {
				ALWAYS_SEARCH_USER_PATHS = NO;
				CLANG_ANALYZER_NONNULL = YES;
				CLANG_ANALYZER_NUMBER_OBJECT_CONVERSION = YES_AGGRESSIVE;
				CLANG_CXX_LANGUAGE_STANDARD = "gnu++14";
				CLANG_CXX_LIBRARY = "libc++";
				CLANG_ENABLE_MODULES = YES;
				CLANG_ENABLE_OBJC_ARC = YES;
				CLANG_ENABLE_OBJC_WEAK = YES;
				CLANG_WARN_BLOCK_CAPTURE_AUTORELEASING = YES;
				CLANG_WARN_BOOL_CONVERSION = YES;
				CLANG_WARN_COMMA = YES;
				CLANG_WARN_CONSTANT_CONVERSION = YES;
				CLANG_WARN_DEPRECATED_OBJC_IMPLEMENTATIONS = YES;
				CLANG_WARN_DIRECT_OBJC_ISA_USAGE = YES_ERROR;
				CLANG_WARN_DOCUMENTATION_COMMENTS = YES;
				CLANG_WARN_EMPTY_BODY = YES;
				CLANG_WARN_ENUM_CONVERSION = YES;
				CLANG_WARN_INFINITE_RECURSION = YES;
				CLANG_WARN_INT_CONVERSION = YES;
				CLANG_WARN_NON_LITERAL_NULL_CONVERSION = YES;
				CLANG_WARN_OBJC_IMPLICIT_RETAIN_SELF = YES;
				CLANG_WARN_OBJC_LITERAL_CONVERSION = YES;
				CLANG_WARN_OBJC_ROOT_CLASS = YES_ERROR;
				CLANG_WARN_RANGE_LOOP_ANALYSIS = YES;
				CLANG_WARN_STRICT_PROTOTYPES = YES;
				CLANG_WARN_SUSPICIOUS_MOVE = YES;
				CLANG_WARN_UNGUARDED_AVAILABILITY = YES_AGGRESSIVE;
				CLANG_WARN_UNREACHABLE_CODE = YES;
				CLANG_WARN__DUPLICATE_METHOD_MATCH = YES;
				COPY_PHASE_STRIP = NO;
				DEBUG_INFORMATION_FORMAT = "dwarf-with-dsym";
				ENABLE_NS_ASSERTIONS = NO;
				ENABLE_STRICT_OBJC_MSGSEND = YES;
				GCC_C_LANGUAGE_STANDARD = gnu11;
				GCC_NO_COMMON_BLOCKS = YES;
				GCC_WARN_64_TO_32_BIT_CONVERSION = YES;
				GCC_WARN_ABOUT_RETURN_TYPE = YES_ERROR;
				GCC_WARN_UNDECLARED_SELECTOR = YES;
				GCC_WARN_UNINITIALIZED_AUTOS = YES_AGGRESSIVE;
				GCC_WARN_UNUSED_FUNCTION = YES;
				GCC_WARN_UNUSED_VARIABLE = YES;
				IPHONEOS_DEPLOYMENT_TARGET = 13.6;
				MTL_ENABLE_DEBUG_INFO = NO;
				MTL_FAST_MATH = YES;
				SDKROOT = iphoneos;
				SWIFT_COMPILATION_MODE = wholemodule;
				SWIFT_OPTIMIZATION_LEVEL = "-O";
				VALIDATE_PRODUCT = YES;
			};
			name = Release;
		};
		1C82479D24F39E5C00F854F8 /* Debug */ = {
			isa = XCBuildConfiguration;
			baseConfigurationReference = D2DFD58051E242A2A99FADF4 /* Pods-FirebasePushNotification.debug.xcconfig */;
			buildSettings = {
				ASSETCATALOG_COMPILER_APPICON_NAME = AppIcon;
				CODE_SIGN_ENTITLEMENTS = FirebasePushNotification/FirebasePushNotification.entitlements;
				CODE_SIGN_IDENTITY = "Apple Development";
				CODE_SIGN_STYLE = Automatic;
				DEVELOPMENT_TEAM = M3538X4A3B;
				INFOPLIST_FILE = FirebasePushNotification/Info.plist;
				LD_RUNPATH_SEARCH_PATHS = (
					"$(inherited)",
					"@executable_path/Frameworks",
				);
				PRODUCT_BUNDLE_IDENTIFIER = synepush.com.synechron;
				PRODUCT_NAME = "$(TARGET_NAME)";
				PROVISIONING_PROFILE_SPECIFIER = "";
				SWIFT_VERSION = 5.0;
				TARGETED_DEVICE_FAMILY = "1,2";
			};
			name = Debug;
		};
		1C82479E24F39E5C00F854F8 /* Release */ = {
			isa = XCBuildConfiguration;
			baseConfigurationReference = 84092CB42FA91E1EDD4E08D9 /* Pods-FirebasePushNotification.release.xcconfig */;
			buildSettings = {
				ASSETCATALOG_COMPILER_APPICON_NAME = AppIcon;
				CODE_SIGN_ENTITLEMENTS = FirebasePushNotification/FirebasePushNotification.entitlements;
				CODE_SIGN_IDENTITY = "Apple Development";
				CODE_SIGN_STYLE = Automatic;
				DEVELOPMENT_TEAM = M3538X4A3B;
				INFOPLIST_FILE = FirebasePushNotification/Info.plist;
				LD_RUNPATH_SEARCH_PATHS = (
					"$(inherited)",
					"@executable_path/Frameworks",
				);
				PRODUCT_BUNDLE_IDENTIFIER = synepush.com.synechron;
				PRODUCT_NAME = "$(TARGET_NAME)";
				PROVISIONING_PROFILE_SPECIFIER = "";
				SWIFT_VERSION = 5.0;
				TARGETED_DEVICE_FAMILY = "1,2";
			};
			name = Release;
		};
/* End XCBuildConfiguration section */

/* Begin XCConfigurationList section */
		1C82478324F39DCC00F854F8 /* Build configuration list for PBXProject "FirebasePushNotification" */ = {
			isa = XCConfigurationList;
			buildConfigurations = (
				1C82479A24F39E5C00F854F8 /* Debug */,
				1C82479B24F39E5C00F854F8 /* Release */,
			);
			defaultConfigurationIsVisible = 0;
			defaultConfigurationName = Release;
		};
		1C82479C24F39E5C00F854F8 /* Build configuration list for PBXNativeTarget "FirebasePushNotification" */ = {
			isa = XCConfigurationList;
			buildConfigurations = (
				1C82479D24F39E5C00F854F8 /* Debug */,
				1C82479E24F39E5C00F854F8 /* Release */,
			);
			defaultConfigurationIsVisible = 0;
			defaultConfigurationName = Release;
		};
/* End XCConfigurationList section */
	};
	rootObject = 1C82478024F39DCC00F854F8 /* Project object */;
}
